
Microsoft Visual Studio Solution File, Format Version 12.00
# Visual Studio Version 17
VisualStudioVersion = 17.5.33424.131
MinimumVisualStudioVersion = 10.0.40219.1
Project("{FAE04EC0-301F-11D3-BF4B-00C04F79EFBC}") = "AverageNumber", "AverageNumber\AverageNumber.csproj", "{91535310-C66D-4079-9A08-071A9734EDB2}"
EndProject
Global
	GlobalSection(SolutionConfigurationPlatforms) = preSolution
		Debug|Any CPU = Debug|Any CPU
		Release|Any CPU = Release|Any CPU
	EndGlobalSection
	GlobalSection(ProjectConfigurationPlatforms) = postSolution
		{91535310-C66D-4079-9A08-071A9734EDB2}.Debug|Any CPU.ActiveCfg = Debug|Any CPU
		{91535310-C66D-4079-9A08-071A9734EDB2}.Debug|Any CPU.Build.0 = Debug|Any CPU
		{91535310-C66D-4079-9A08-071A9734EDB2}.Release|Any CPU.ActiveCfg = Release|Any CPU
		{91535310-C66D-4079-9A08-071A9734EDB2}.Release|Any CPU.Build.0 = Release|Any CPU
	EndGlobalSection
	GlobalSection(SolutionProperties) = preSolution
		HideSolutionNode = FALSE
	EndGlobalSection
	GlobalSection(ExtensibilityGlobals) = postSolution
		SolutionGuid = {4A90FB57-7726-43F8-B0EF-D82EB0032444}
	EndGlobalSection
EndGlobal
